
Microsoft Visual Studio Solution File, Format Version 12.00
# Visual Studio 15
VisualStudioVersion = 15.0.26730.16
MinimumVisualStudioVersion = 10.0.40219.1
Project("{FAE04EC0-301F-11D3-BF4B-00C04F79EFBC}") = "StoreSample", "StoreSample\StoreSample.csproj", "{B49A5454-8E10-4E2F-B489-21DF35E9EF16}"
EndProject
Project("{FAE04EC0-301F-11D3-BF4B-00C04F79EFBC}") = "StoreSample.Tests", "StoreSample.Tests\StoreSample.Tests.csproj", "{32260924-8890-4490-B661-267FE2E3B7B9}"
EndProject
Global
	GlobalSection(SolutionConfigurationPlatforms) = preSolution
		Debug|Any CPU = Debug|Any CPU
		Release|Any CPU = Release|Any CPU
	EndGlobalSection
	GlobalSection(ProjectConfigurationPlatforms) = postSolution
		{B49A5454-8E10-4E2F-B489-21DF35E9EF16}.Debug|Any CPU.ActiveCfg = Debug|Any CPU
		{B49A5454-8E10-4E2F-B489-21DF35E9EF16}.Debug|Any CPU.Build.0 = Debug|Any CPU
		{B49A5454-8E10-4E2F-B489-21DF35E9EF16}.Release|Any CPU.ActiveCfg = Release|Any CPU
		{B49A5454-8E10-4E2F-B489-21DF35E9EF16}.Release|Any CPU.Build.0 = Release|Any CPU
		{32260924-8890-4490-B661-267FE2E3B7B9}.Debug|Any CPU.ActiveCfg = Debug|Any CPU
		{32260924-8890-4490-B661-267FE2E3B7B9}.Debug|Any CPU.Build.0 = Debug|Any CPU
		{32260924-8890-4490-B661-267FE2E3B7B9}.Release|Any CPU.ActiveCfg = Release|Any CPU
		{32260924-8890-4490-B661-267FE2E3B7B9}.Release|Any CPU.Build.0 = Release|Any CPU
	EndGlobalSection
	GlobalSection(SolutionProperties) = preSolution
		HideSolutionNode = FALSE
	EndGlobalSection
	GlobalSection(ExtensibilityGlobals) = postSolution
		SolutionGuid = {F9951EF8-1D3A-40AD-A2F2-65B3FA2ADE01}
	EndGlobalSection
EndGlobal
